
Microsoft Visual Studio Solution File, Format Version 12.00
# Visual Studio Version 17
VisualStudioVersion = 17.4.33122.133
MinimumVisualStudioVersion = 10.0.40219.1
Project("{FAE04EC0-301F-11D3-BF4B-00C04F79EFBC}") = "09122023_MvcFormElementleri2", "09122023_MvcFormElementleri2\09122023_MvcFormElementleri2.csproj", "{EC549778-7AEB-4E33-87B0-2844FA5B464E}"
EndProject
Global
	GlobalSection(SolutionConfigurationPlatforms) = preSolution
		Debug|Any CPU = Debug|Any CPU
		Release|Any CPU = Release|Any CPU
	EndGlobalSection
	GlobalSection(ProjectConfigurationPlatforms) = postSolution
		{EC549778-7AEB-4E33-87B0-2844FA5B464E}.Debug|Any CPU.ActiveCfg = Debug|Any CPU
		{EC549778-7AEB-4E33-87B0-2844FA5B464E}.Debug|Any CPU.Build.0 = Debug|Any CPU
		{EC549778-7AEB-4E33-87B0-2844FA5B464E}.Release|Any CPU.ActiveCfg = Release|Any CPU
		{EC549778-7AEB-4E33-87B0-2844FA5B464E}.Release|Any CPU.Build.0 = Release|Any CPU
	EndGlobalSection
	GlobalSection(SolutionProperties) = preSolution
		HideSolutionNode = FALSE
	EndGlobalSection
	GlobalSection(ExtensibilityGlobals) = postSolution
		SolutionGuid = {B46348EA-4F90-412E-885E-3263BF0D25FB}
	EndGlobalSection
EndGlobal
